<Solution>
  <Folder Name="/Solution Items/">
    <File Path="STATUS_EFFECTS_README.md" />
  </Folder>
  <Project Path="frontend/frontend.esproj">
    <Build />
    <Deploy />
  </Project>
  <Project Path="RacMonsters.AppHost/RacMonsters.AppHost.csproj" />
  <Project Path="RacMonsters.Server/RacMonsters.Server.csproj" />
</Solution>
